
Microsoft Visual Studio Solution File, Format Version 12.00
# Visual Studio Version 16
VisualStudioVersion = 16.0.30225.117
MinimumVisualStudioVersion = 10.0.40219.1
Project("{FAE04EC0-301F-11D3-BF4B-00C04F79EFBC}") = "Domain", "..\Domain\Domain.csproj", "{AA6E5616-61AA-4004-9CCC-36D008427276}"
EndProject
Project("{FAE04EC0-301F-11D3-BF4B-00C04F79EFBC}") = "Application", "..\Application\Application.csproj", "{2C055D44-3A71-4CF5-8268-8D61B17C81D8}"
EndProject
Project("{FAE04EC0-301F-11D3-BF4B-00C04F79EFBC}") = "Infrastructure", "..\Infrastructure\Infrastructure.csproj", "{63039387-8AB8-4E8F-A09D-14FAB64B89B0}"
EndProject
Project("{FAE04EC0-301F-11D3-BF4B-00C04F79EFBC}") = "WebUI", "..\WebUI\WebUI.csproj", "{C08BD87A-076A-462A-965A-3A5CFC9D4432}"
EndProject
Global
	GlobalSection(SolutionConfigurationPlatforms) = preSolution
		Debug|Any CPU = Debug|Any CPU
		Release|Any CPU = Release|Any CPU
	EndGlobalSection
	GlobalSection(ProjectConfigurationPlatforms) = postSolution
		{AA6E5616-61AA-4004-9CCC-36D008427276}.Debug|Any CPU.ActiveCfg = Debug|Any CPU
		{AA6E5616-61AA-4004-9CCC-36D008427276}.Debug|Any CPU.Build.0 = Debug|Any CPU
		{AA6E5616-61AA-4004-9CCC-36D008427276}.Release|Any CPU.ActiveCfg = Release|Any CPU
		{AA6E5616-61AA-4004-9CCC-36D008427276}.Release|Any CPU.Build.0 = Release|Any CPU
		{2C055D44-3A71-4CF5-8268-8D61B17C81D8}.Debug|Any CPU.ActiveCfg = Debug|Any CPU
		{2C055D44-3A71-4CF5-8268-8D61B17C81D8}.Debug|Any CPU.Build.0 = Debug|Any CPU
		{2C055D44-3A71-4CF5-8268-8D61B17C81D8}.Release|Any CPU.ActiveCfg = Release|Any CPU
		{2C055D44-3A71-4CF5-8268-8D61B17C81D8}.Release|Any CPU.Build.0 = Release|Any CPU
		{63039387-8AB8-4E8F-A09D-14FAB64B89B0}.Debug|Any CPU.ActiveCfg = Debug|Any CPU
		{63039387-8AB8-4E8F-A09D-14FAB64B89B0}.Debug|Any CPU.Build.0 = Debug|Any CPU
		{63039387-8AB8-4E8F-A09D-14FAB64B89B0}.Release|Any CPU.ActiveCfg = Release|Any CPU
		{63039387-8AB8-4E8F-A09D-14FAB64B89B0}.Release|Any CPU.Build.0 = Release|Any CPU
		{C08BD87A-076A-462A-965A-3A5CFC9D4432}.Debug|Any CPU.ActiveCfg = Debug|Any CPU
		{C08BD87A-076A-462A-965A-3A5CFC9D4432}.Debug|Any CPU.Build.0 = Debug|Any CPU
		{C08BD87A-076A-462A-965A-3A5CFC9D4432}.Release|Any CPU.ActiveCfg = Release|Any CPU
		{C08BD87A-076A-462A-965A-3A5CFC9D4432}.Release|Any CPU.Build.0 = Release|Any CPU
	EndGlobalSection
	GlobalSection(SolutionProperties) = preSolution
		HideSolutionNode = FALSE
	EndGlobalSection
	GlobalSection(ExtensibilityGlobals) = postSolution
		SolutionGuid = {74AB36F6-2C5F-4748-A8F7-52C712E75366}
	EndGlobalSection
EndGlobal
